
Microsoft Visual Studio Solution File, Format Version 12.00
# Visual Studio Version 17
VisualStudioVersion = 17.0.32014.148
MinimumVisualStudioVersion = 10.0.40219.1
Project("{FAE04EC0-301F-11D3-BF4B-00C04F79EFBC}") = "Games", "Games\Games.csproj", "{1AD5F5FC-280A-415F-AAB9-AF21C7638C61}"
EndProject
Global
	GlobalSection(SolutionConfigurationPlatforms) = preSolution
		Debug|Any CPU = Debug|Any CPU
		Release|Any CPU = Release|Any CPU
	EndGlobalSection
	GlobalSection(ProjectConfigurationPlatforms) = postSolution
		{1AD5F5FC-280A-415F-AAB9-AF21C7638C61}.Debug|Any CPU.ActiveCfg = Debug|Any CPU
		{1AD5F5FC-280A-415F-AAB9-AF21C7638C61}.Debug|Any CPU.Build.0 = Debug|Any CPU
		{1AD5F5FC-280A-415F-AAB9-AF21C7638C61}.Release|Any CPU.ActiveCfg = Release|Any CPU
		{1AD5F5FC-280A-415F-AAB9-AF21C7638C61}.Release|Any CPU.Build.0 = Release|Any CPU
	EndGlobalSection
	GlobalSection(SolutionProperties) = preSolution
		HideSolutionNode = FALSE
	EndGlobalSection
	GlobalSection(ExtensibilityGlobals) = postSolution
		SolutionGuid = {B665A79B-E477-43E8-847F-E325B0C67CC3}
	EndGlobalSection
EndGlobal
